# This file is automatically @generated by Cargo.
# It is not intended for manual editing.
version = 4

[[package]]
name = "exp1-raw-append-replay"
version = "0.0.0"
dependencies = [
 "exp1-record-format",
 "exp1-workload-conformance",
]

[[package]]
name = "exp1-record-format"
version = "0.0.0"

[[package]]
name = "exp1-workload-conformance"
version = "0.0.0"
