# This file is automatically @generated by Cargo.
# It is not intended for manual editing.
version = 4

[[package]]
name = "cm-trace"
version = "0.1.0"

[[package]]
name = "exp1-raw-append-replay"
version = "0.0.0"
dependencies = [
 "exp1-record-format",
 "exp1-workload-conformance",
]

[[package]]
name = "exp1-record-format"
version = "0.0.0"

[[package]]
name = "exp1-workload-conformance"
version = "0.0.0"

[[package]]
name = "uc-core"
version = "0.1.0"
dependencies = [
 "exp1-raw-append-replay",
 "exp1-record-format",
]

[[package]]
name = "uc-entity"
version = "0.1.0"
dependencies = [
 "uc-core",
]

[[package]]
name = "uc-facade"
version = "0.1.0"
dependencies = [
 "cm-trace",
 "uc-core",
 "uc-entity",
 "uc-memory",
 "uc-protocol",
 "uc-relation",
]

[[package]]
name = "uc-harness"
version = "0.1.0"
dependencies = [
 "cm-trace",
 "uc-core",
 "uc-memory",
]

[[package]]
name = "uc-memory"
version = "0.1.0"
dependencies = [
 "cm-trace",
 "uc-core",
]

[[package]]
name = "uc-protocol"
version = "0.1.0"

[[package]]
name = "uc-relation"
version = "0.1.0"
dependencies = [
 "uc-core",
]
